// !$*UTF8*$!
{
	archiveVersion = 1;
	classes = {
	};
	objectVersion = 46;
	objects = {

/* Begin PBXBuildFile section */
		4B37915C19DCECF50091DCDD /* main.cpp in Sources */ = {isa = PBXBuildFile; fileRef = 4B37915B19DCECF50091DCDD /* main.cpp */; };
/* End PBXBuildFile section */

/* Begin PBXCopyFilesBuildPhase section */
		4B37915619DCECF50091DCDD /* CopyFiles */ = {
			isa = PBXCopyFilesBuildPhase;
			buildActionMask = 2147483647;
			dstPath = /usr/share/man/man1/;
			dstSubfolderSpec = 0;
			files = (
			);
			runOnlyForDeploymentPostprocessing = 1;
		};
/* End PBXCopyFilesBuildPhase section */

/* Begin PBXFileReference section */
		4B37915819DCECF50091DCDD /* AIDFS */ = {isa = PBXFileReference; explicitFileType = "compiled.mach-o.executable"; includeInIndex = 0; path = AIDFS; sourceTree = BUILT_PRODUCTS_DIR; };
		4B37915B19DCECF50091DCDD /* main.cpp */ = {isa = PBXFileReference; lastKnownFileType = sourcecode.cpp.cpp; path = main.cpp; sourceTree = "<group>"; };
		4B37916519DCEF670091DCDD /* npuzzle.h */ = {isa = PBXFileReference; fileEncoding = 4; lastKnownFileType = sourcecode.c.h; path = npuzzle.h; sourceTree = "<group>"; };
		4B37916819DCEFE10091DCDD /* DFS.h */ = {isa = PBXFileReference; fileEncoding = 4; lastKnownFileType = sourcecode.c.h; path = DFS.h; sourceTree = "<group>"; };
		4BA2456319E0ABA600837066 /* UCS.h */ = {isa = PBXFileReference; lastKnownFileType = sourcecode.c.h; path = UCS.h; sourceTree = "<group>"; };
		73A35E4F19E226C300A1F390 /* IDS.h */ = {isa = PBXFileReference; lastKnownFileType = sourcecode.c.h; path = IDS.h; sourceTree = "<group>"; };
		73A35E5019E23AAF00A1F390 /* DLS.h */ = {isa = PBXFileReference; lastKnownFileType = sourcecode.c.h; path = DLS.h; sourceTree = "<group>"; };
/* End PBXFileReference section */

/* Begin PBXFrameworksBuildPhase section */
		4B37915519DCECF50091DCDD /* Frameworks */ = {
			isa = PBXFrameworksBuildPhase;
			buildActionMask = 2147483647;
			files = (
			);
			runOnlyForDeploymentPostprocessing = 0;
		};
/* End PBXFrameworksBuildPhase section */

/* Begin PBXGroup section */
		4B37914F19DCECF40091DCDD = {
			isa = PBXGroup;
			children = (
				4B37915A19DCECF50091DCDD /* AIDFS */,
				4B37915919DCECF50091DCDD /* Products */,
			);
			sourceTree = "<group>";
		};
		4B37915919DCECF50091DCDD /* Products */ = {
			isa = PBXGroup;
			children = (
				4B37915819DCECF50091DCDD /* AIDFS */,
			);
			name = Products;
			sourceTree = "<group>";
		};
		4B37915A19DCECF50091DCDD /* AIDFS */ = {
			isa = PBXGroup;
			children = (
				4B37915B19DCECF50091DCDD /* main.cpp */,
				4B37916819DCEFE10091DCDD /* DFS.h */,
				4BA2456319E0ABA600837066 /* UCS.h */,
				4B37916519DCEF670091DCDD /* npuzzle.h */,
				73A35E5019E23AAF00A1F390 /* DLS.h */,
				73A35E4F19E226C300A1F390 /* IDS.h */,
			);
			path = AIDFS;
			sourceTree = "<group>";
		};
/* End PBXGroup section */

/* Begin PBXNativeTarget section */
		4B37915719DCECF50091DCDD /* AIDFS */ = {
			isa = PBXNativeTarget;
			buildConfigurationList = 4B37916119DCECF50091DCDD /* Build configuration list for PBXNativeTarget "AIDFS" */;
			buildPhases = (
				4B37915419DCECF50091DCDD /* Sources */,
				4B37915519DCECF50091DCDD /* Frameworks */,
				4B37915619DCECF50091DCDD /* CopyFiles */,
			);
			buildRules = (
			);
			dependencies = (
			);
			name = AIDFS;
			productName = AIDFS;
			productReference = 4B37915819DCECF50091DCDD /* AIDFS */;
			productType = "com.apple.product-type.tool";
		};
/* End PBXNativeTarget section */

/* Begin PBXProject section */
		4B37915019DCECF50091DCDD /* Project object */ = {
			isa = PBXProject;
			attributes = {
				LastUpgradeCheck = 0510;
				ORGANIZATIONNAME = David;
			};
			buildConfigurationList = 4B37915319DCECF50091DCDD /* Build configuration list for PBXProject "AIDFS" */;
			compatibilityVersion = "Xcode 3.2";
			developmentRegion = English;
			hasScannedForEncodings = 0;
			knownRegions = (
				en,
			);
			mainGroup = 4B37914F19DCECF40091DCDD;
			productRefGroup = 4B37915919DCECF50091DCDD /* Products */;
			projectDirPath = "";
			projectRoot = "";
			targets = (
				4B37915719DCECF50091DCDD /* AIDFS */,
			);
		};
/* End PBXProject section */

/* Begin PBXSourcesBuildPhase section */
		4B37915419DCECF50091DCDD /* Sources */ = {
			isa = PBXSourcesBuildPhase;
			buildActionMask = 2147483647;
			files = (
				4B37915C19DCECF50091DCDD /* main.cpp in Sources */,
			);
			runOnlyForDeploymentPostprocessing = 0;
		};
/* End PBXSourcesBuildPhase section */

/* Begin XCBuildConfiguration section */
		4B37915F19DCECF50091DCDD /* Debug */ = {
			isa = XCBuildConfiguration;
			buildSettings = {
				ALWAYS_SEARCH_USER_PATHS = NO;
				CLANG_CXX_LANGUAGE_STANDARD = "gnu++0x";
				CLANG_CXX_LIBRARY = "libc++";
				CLANG_ENABLE_MODULES = YES;
				CLANG_ENABLE_OBJC_ARC = YES;
				CLANG_WARN_BOOL_CONVERSION = YES;
				CLANG_WARN_CONSTANT_CONVERSION = YES;
				CLANG_WARN_DIRECT_OBJC_ISA_USAGE = YES_ERROR;
				CLANG_WARN_EMPTY_BODY = YES;
				CLANG_WARN_ENUM_CONVERSION = YES;
				CLANG_WARN_INT_CONVERSION = YES;
				CLANG_WARN_OBJC_ROOT_CLASS = YES_ERROR;
				CLANG_WARN__DUPLICATE_METHOD_MATCH = YES;
				COPY_PHASE_STRIP = NO;
				GCC_C_LANGUAGE_STANDARD = gnu99;
				GCC_DYNAMIC_NO_PIC = NO;
				GCC_ENABLE_OBJC_EXCEPTIONS = YES;
				GCC_OPTIMIZATION_LEVEL = 0;
				GCC_PREPROCESSOR_DEFINITIONS = (
					"DEBUG=1",
					"$(inherited)",
				);
				GCC_SYMBOLS_PRIVATE_EXTERN = NO;
				GCC_WARN_64_TO_32_BIT_CONVERSION = YES;
				GCC_WARN_ABOUT_RETURN_TYPE = YES_ERROR;
				GCC_WARN_UNDECLARED_SELECTOR = YES;
				GCC_WARN_UNINITIALIZED_AUTOS = YES_AGGRESSIVE;
				GCC_WARN_UNUSED_FUNCTION = YES;
				GCC_WARN_UNUSED_VARIABLE = YES;
				MACOSX_DEPLOYMENT_TARGET = 10.9;
				ONLY_ACTIVE_ARCH = YES;
				SDKROOT = macosx;
			};
			name = Debug;
		};
		4B37916019DCECF50091DCDD /* Release */ = {
			isa = XCBuildConfiguration;
			buildSettings = {
				ALWAYS_SEARCH_USER_PATHS = NO;
				CLANG_CXX_LANGUAGE_STANDARD = "gnu++0x";
				CLANG_CXX_LIBRARY = "libc++";
				CLANG_ENABLE_MODULES = YES;
				CLANG_ENABLE_OBJC_ARC = YES;
				CLANG_WARN_BOOL_CONVERSION = YES;
				CLANG_WARN_CONSTANT_CONVERSION = YES;
				CLANG_WARN_DIRECT_OBJC_ISA_USAGE = YES_ERROR;
				CLANG_WARN_EMPTY_BODY = YES;
				CLANG_WARN_ENUM_CONVERSION = YES;
				CLANG_WARN_INT_CONVERSION = YES;
				CLANG_WARN_OBJC_ROOT_CLASS = YES_ERROR;
				CLANG_WARN__DUPLICATE_METHOD_MATCH = YES;
				COPY_PHASE_STRIP = YES;
				DEBUG_INFORMATION_FORMAT = "dwarf-with-dsym";
				ENABLE_NS_ASSERTIONS = NO;
				GCC_C_LANGUAGE_STANDARD = gnu99;
				GCC_ENABLE_OBJC_EXCEPTIONS = YES;
				GCC_WARN_64_TO_32_BIT_CONVERSION = YES;
				GCC_WARN_ABOUT_RETURN_TYPE = YES_ERROR;
				GCC_WARN_UNDECLARED_SELECTOR = YES;
				GCC_WARN_UNINITIALIZED_AUTOS = YES_AGGRESSIVE;
				GCC_WARN_UNUSED_FUNCTION = YES;
				GCC_WARN_UNUSED_VARIABLE = YES;
				MACOSX_DEPLOYMENT_TARGET = 10.9;
				SDKROOT = macosx;
			};
			name = Release;
		};
		4B37916219DCECF50091DCDD /* Debug */ = {
			isa = XCBuildConfiguration;
			buildSettings = {
				PRODUCT_NAME = "$(TARGET_NAME)";
			};
			name = Debug;
		};
		4B37916319DCECF50091DCDD /* Release */ = {
			isa = XCBuildConfiguration;
			buildSettings = {
				PRODUCT_NAME = "$(TARGET_NAME)";
			};
			name = Release;
		};
/* End XCBuildConfiguration section */

/* Begin XCConfigurationList section */
		4B37915319DCECF50091DCDD /* Build configuration list for PBXProject "AIDFS" */ = {
			isa = XCConfigurationList;
			buildConfigurations = (
				4B37915F19DCECF50091DCDD /* Debug */,
				4B37916019DCECF50091DCDD /* Release */,
			);
			defaultConfigurationIsVisible = 0;
			defaultConfigurationName = Release;
		};
		4B37916119DCECF50091DCDD /* Build configuration list for PBXNativeTarget "AIDFS" */ = {
			isa = XCConfigurationList;
			buildConfigurations = (
				4B37916219DCECF50091DCDD /* Debug */,
				4B37916319DCECF50091DCDD /* Release */,
			);
			defaultConfigurationIsVisible = 0;
			defaultConfigurationName = Release;
		};
/* End XCConfigurationList section */
	};
	rootObject = 4B37915019DCECF50091DCDD /* Project object */;
}
